{
  "name": "cookie-share",
  "lockfileVersion": 2,
  "requires": true,
  "packages": {
    "": {
      "devDependencies": {
        "@tsconfig/node18": "^18.2.4",
        "@types/node": "^22.13.1",
        "@types/tampermonkey": "^5.0.4",
        "@vue/tsconfig": "^0.7.0"
      }
    },
    "node_modules/@tsconfig/node18": {
      "version": "18.2.4",
      "resolved": "https://registry.npmjs.org/@tsconfig/node18/-/node18-18.2.4.tgz",
      "integrity": "sha512-5xxU8vVs9/FNcvm3gE07fPbn9tl6tqGGWA9tSlwsUEkBxtRnTsNmwrV8gasZ9F/EobaSv9+nu8AxUKccw77JpQ==",
      "dev": true
    },
    "node_modules/@types/node": {
      "version": "22.13.1",
      "resolved": "https://registry.npmjs.org/@types/node/-/node-22.13.1.tgz",
      "integrity": "sha512-jK8uzQlrvXqEU91UxiK5J7pKHyzgnI1Qnl0QDHIgVGuolJhRb9EEl28Cj9b3rGR8B2lhFCtvIm5os8lFnO/1Ew==",
      "dev": true,
      "dependencies": {
        "undici-types": "~6.20.0"
      }
    },
    "node_modules/@types/tampermonkey": {
      "version": "5.0.4",
      "resolved": "https://registry.npmjs.org/@types/tampermonkey/-/tampermonkey-5.0.4.tgz",
      "integrity": "sha512-HEJ0O5CkDZSwIgd9Zip4xM8o7gZC8zBmJuH1YEXNINIC+aCWEXD10pnpo3NQG5IWHx+Xr4fMSGq1jqeKXH2lpA==",
      "dev": true
    },
    "node_modules/@vue/tsconfig": {
      "version": "0.7.0",
      "resolved": "https://registry.npmjs.org/@vue/tsconfig/-/tsconfig-0.7.0.tgz",
      "integrity": "sha512-ku2uNz5MaZ9IerPPUyOHzyjhXoX2kVJaVf7hL315DC17vS6IiZRmmCPfggNbU16QTvM80+uYYy3eYJB59WCtvg==",
      "dev": true,
      "peerDependencies": {
        "typescript": "5.x",
        "vue": "^3.4.0"
      },
      "peerDependenciesMeta": {
        "typescript": {
          "optional": true
        },
        "vue": {
          "optional": true
        }
      }
    },
    "node_modules/undici-types": {
      "version": "6.20.0",
      "resolved": "https://registry.npmjs.org/undici-types/-/undici-types-6.20.0.tgz",
      "integrity": "sha512-Ny6QZ2Nju20vw1SRHe3d9jVu6gJ+4e3+MMpqu7pqE5HT6WsTSlce++GQmK5UXS8mzV8DSYHrQH+Xrf2jVcuKNg==",
      "dev": true
    }
  },
  "dependencies": {
    "@tsconfig/node18": {
      "version": "18.2.4",
      "resolved": "https://registry.npmjs.org/@tsconfig/node18/-/node18-18.2.4.tgz",
      "integrity": "sha512-5xxU8vVs9/FNcvm3gE07fPbn9tl6tqGGWA9tSlwsUEkBxtRnTsNmwrV8gasZ9F/EobaSv9+nu8AxUKccw77JpQ==",
      "dev": true
    },
    "@types/node": {
      "version": "22.13.1",
      "resolved": "https://registry.npmjs.org/@types/node/-/node-22.13.1.tgz",
      "integrity": "sha512-jK8uzQlrvXqEU91UxiK5J7pKHyzgnI1Qnl0QDHIgVGuolJhRb9EEl28Cj9b3rGR8B2lhFCtvIm5os8lFnO/1Ew==",
      "dev": true,
      "requires": {
        "undici-types": "~6.20.0"
      }
    },
    "@types/tampermonkey": {
      "version": "5.0.4",
      "resolved": "https://registry.npmjs.org/@types/tampermonkey/-/tampermonkey-5.0.4.tgz",
      "integrity": "sha512-HEJ0O5CkDZSwIgd9Zip4xM8o7gZC8zBmJuH1YEXNINIC+aCWEXD10pnpo3NQG5IWHx+Xr4fMSGq1jqeKXH2lpA==",
      "dev": true
    },
    "@vue/tsconfig": {
      "version": "0.7.0",
      "resolved": "https://registry.npmjs.org/@vue/tsconfig/-/tsconfig-0.7.0.tgz",
      "integrity": "sha512-ku2uNz5MaZ9IerPPUyOHzyjhXoX2kVJaVf7hL315DC17vS6IiZRmmCPfggNbU16QTvM80+uYYy3eYJB59WCtvg==",
      "dev": true,
      "requires": {}
    },
    "undici-types": {
      "version": "6.20.0",
      "resolved": "https://registry.npmjs.org/undici-types/-/undici-types-6.20.0.tgz",
      "integrity": "sha512-Ny6QZ2Nju20vw1SRHe3d9jVu6gJ+4e3+MMpqu7pqE5HT6WsTSlce++GQmK5UXS8mzV8DSYHrQH+Xrf2jVcuKNg==",
      "dev": true
    }
  }
}
